// !$*UTF8*$!
{
	archiveVersion = 1;
	classes = {
	};
	objectVersion = 48;
	objects = {

/* Begin PBXBuildFile section */
		CE04AB021FC1E87B0049163F /* DisplayingImageViewController.swift in Sources */ = {isa = PBXBuildFile; fileRef = CE04AB011FC1E87B0049163F /* DisplayingImageViewController.swift */; };
		CE04AB061FC1EBEF0049163F /* lena.png in Resources */ = {isa = PBXBuildFile; fileRef = CE04AB051FC1EBEF0049163F /* lena.png */; };
		CE04AB0A1FC1F2050049163F /* DisplayingImageObcViewController.m in Sources */ = {isa = PBXBuildFile; fileRef = CE04AB091FC1F2050049163F /* DisplayingImageObcViewController.m */; };
		CE04AB101FC1F5640049163F /* LinkingOpenCvViewController.mm in Sources */ = {isa = PBXBuildFile; fileRef = CE04AB0F1FC1F5640049163F /* LinkingOpenCvViewController.mm */; };
		CE04AB131FC1F65C0049163F /* opencv2.framework in Frameworks */ = {isa = PBXBuildFile; fileRef = CE04AB121FC1F65C0049163F /* opencv2.framework */; };
		CE098EF31FC1FB9F00F0AAA1 /* fuzzy_border.png in Resources */ = {isa = PBXBuildFile; fileRef = CE098EEF1FC1FB9F00F0AAA1 /* fuzzy_border.png */; };
		CE098EF41FC1FB9F00F0AAA1 /* scratches.png in Resources */ = {isa = PBXBuildFile; fileRef = CE098EF11FC1FB9F00F0AAA1 /* scratches.png */; };
		CE098EF51FC1FB9F00F0AAA1 /* RetroFilter.cpp in Sources */ = {isa = PBXBuildFile; fileRef = CE098EF21FC1FB9F00F0AAA1 /* RetroFilter.cpp */; };
		CE098EFB1FC1FC5B00F0AAA1 /* Processing.cpp in Sources */ = {isa = PBXBuildFile; fileRef = CE098EF71FC1FC5B00F0AAA1 /* Processing.cpp */; };
		CE098EFC1FC1FC5B00F0AAA1 /* Processing_Accelerate.cpp in Sources */ = {isa = PBXBuildFile; fileRef = CE098EF81FC1FC5B00F0AAA1 /* Processing_Accelerate.cpp */; };
		CE098EFD1FC1FC5B00F0AAA1 /* Processing_NEON.cpp in Sources */ = {isa = PBXBuildFile; fileRef = CE098EFA1FC1FC5B00F0AAA1 /* Processing_NEON.cpp */; };
		CE098F061FC1FCB000F0AAA1 /* mustache.png in Resources */ = {isa = PBXBuildFile; fileRef = CE098EFF1FC1FCAF00F0AAA1 /* mustache.png */; };
		CE098F071FC1FCB000F0AAA1 /* haarcascade_mcs_eyepair_big.xml in Resources */ = {isa = PBXBuildFile; fileRef = CE098F001FC1FCAF00F0AAA1 /* haarcascade_mcs_eyepair_big.xml */; };
		CE098F091FC1FCB000F0AAA1 /* haarcascade_mcs_mouth.xml in Resources */ = {isa = PBXBuildFile; fileRef = CE098F021FC1FCB000F0AAA1 /* haarcascade_mcs_mouth.xml */; };
		CE098F0A1FC1FCB000F0AAA1 /* glasses.png in Resources */ = {isa = PBXBuildFile; fileRef = CE098F041FC1FCB000F0AAA1 /* glasses.png */; };
		CE098F0B1FC1FCB000F0AAA1 /* lbpcascade_frontalface.xml in Resources */ = {isa = PBXBuildFile; fileRef = CE098F051FC1FCB000F0AAA1 /* lbpcascade_frontalface.xml */; };
		CE098F0E1FC1FE7300F0AAA1 /* FaceAnimator.cpp in Sources */ = {isa = PBXBuildFile; fileRef = CE098F0C1FC1FE7300F0AAA1 /* FaceAnimator.cpp */; };
		CE098F111FC1FF3D00F0AAA1 /* test.cpp in Sources */ = {isa = PBXBuildFile; fileRef = CE098F0F1FC1FF3D00F0AAA1 /* test.cpp */; };
		CEEDBB601FC1D8000062DCAF /* AppDelegate.swift in Sources */ = {isa = PBXBuildFile; fileRef = CEEDBB5F1FC1D8000062DCAF /* AppDelegate.swift */; };
		CEEDBB621FC1D8000062DCAF /* ViewController.swift in Sources */ = {isa = PBXBuildFile; fileRef = CEEDBB611FC1D8000062DCAF /* ViewController.swift */; };
		CEEDBB651FC1D8000062DCAF /* Main.storyboard in Resources */ = {isa = PBXBuildFile; fileRef = CEEDBB631FC1D8000062DCAF /* Main.storyboard */; };
		CEEDBB671FC1D8000062DCAF /* Assets.xcassets in Resources */ = {isa = PBXBuildFile; fileRef = CEEDBB661FC1D8000062DCAF /* Assets.xcassets */; };
		CEEDBB6A1FC1D8000062DCAF /* LaunchScreen.storyboard in Resources */ = {isa = PBXBuildFile; fileRef = CEEDBB681FC1D8000062DCAF /* LaunchScreen.storyboard */; };
/* End PBXBuildFile section */

/* Begin PBXCopyFilesBuildPhase section */
		CEEDBB771FC1D8770062DCAF /* Embed Frameworks */ = {
			isa = PBXCopyFilesBuildPhase;
			buildActionMask = 2147483647;
			dstPath = "";
			dstSubfolderSpec = 10;
			files = (
			);
			name = "Embed Frameworks";
			runOnlyForDeploymentPostprocessing = 0;
		};
/* End PBXCopyFilesBuildPhase section */

/* Begin PBXFileReference section */
		CE04AB011FC1E87B0049163F /* DisplayingImageViewController.swift */ = {isa = PBXFileReference; lastKnownFileType = sourcecode.swift; path = DisplayingImageViewController.swift; sourceTree = "<group>"; };
		CE04AB051FC1EBEF0049163F /* lena.png */ = {isa = PBXFileReference; lastKnownFileType = image.png; path = lena.png; sourceTree = "<group>"; };
		CE04AB071FC1F2040049163F /* opencv_ios-Bridging-Header.h */ = {isa = PBXFileReference; lastKnownFileType = sourcecode.c.h; path = "opencv_ios-Bridging-Header.h"; sourceTree = "<group>"; };
		CE04AB081FC1F2050049163F /* DisplayingImageObcViewController.h */ = {isa = PBXFileReference; lastKnownFileType = sourcecode.c.h; path = DisplayingImageObcViewController.h; sourceTree = "<group>"; };
		CE04AB091FC1F2050049163F /* DisplayingImageObcViewController.m */ = {isa = PBXFileReference; lastKnownFileType = sourcecode.c.objc; path = DisplayingImageObcViewController.m; sourceTree = "<group>"; };
		CE04AB0E1FC1F5640049163F /* LinkingOpenCvViewController.h */ = {isa = PBXFileReference; lastKnownFileType = sourcecode.c.h; path = LinkingOpenCvViewController.h; sourceTree = "<group>"; };
		CE04AB0F1FC1F5640049163F /* LinkingOpenCvViewController.mm */ = {isa = PBXFileReference; lastKnownFileType = sourcecode.cpp.objcpp; path = LinkingOpenCvViewController.mm; sourceTree = "<group>"; };
		CE04AB121FC1F65C0049163F /* opencv2.framework */ = {isa = PBXFileReference; lastKnownFileType = wrapper.framework; path = opencv2.framework; sourceTree = "<group>"; };
		CE098EEF1FC1FB9F00F0AAA1 /* fuzzy_border.png */ = {isa = PBXFileReference; lastKnownFileType = image.png; path = fuzzy_border.png; sourceTree = "<group>"; };
		CE098EF01FC1FB9F00F0AAA1 /* RetroFilter.hpp */ = {isa = PBXFileReference; fileEncoding = 4; lastKnownFileType = sourcecode.cpp.h; path = RetroFilter.hpp; sourceTree = "<group>"; };
		CE098EF11FC1FB9F00F0AAA1 /* scratches.png */ = {isa = PBXFileReference; lastKnownFileType = image.png; path = scratches.png; sourceTree = "<group>"; };
		CE098EF21FC1FB9F00F0AAA1 /* RetroFilter.cpp */ = {isa = PBXFileReference; fileEncoding = 4; lastKnownFileType = sourcecode.cpp.cpp; path = RetroFilter.cpp; sourceTree = "<group>"; };
		CE098EF71FC1FC5B00F0AAA1 /* Processing.cpp */ = {isa = PBXFileReference; fileEncoding = 4; lastKnownFileType = sourcecode.cpp.cpp; path = Processing.cpp; sourceTree = "<group>"; };
		CE098EF81FC1FC5B00F0AAA1 /* Processing_Accelerate.cpp */ = {isa = PBXFileReference; fileEncoding = 4; lastKnownFileType = sourcecode.cpp.cpp; path = Processing_Accelerate.cpp; sourceTree = "<group>"; };
		CE098EF91FC1FC5B00F0AAA1 /* Processing.hpp */ = {isa = PBXFileReference; fileEncoding = 4; lastKnownFileType = sourcecode.cpp.h; path = Processing.hpp; sourceTree = "<group>"; };
		CE098EFA1FC1FC5B00F0AAA1 /* Processing_NEON.cpp */ = {isa = PBXFileReference; fileEncoding = 4; lastKnownFileType = sourcecode.cpp.cpp; path = Processing_NEON.cpp; sourceTree = "<group>"; };
		CE098EFF1FC1FCAF00F0AAA1 /* mustache.png */ = {isa = PBXFileReference; lastKnownFileType = image.png; path = mustache.png; sourceTree = "<group>"; };
		CE098F001FC1FCAF00F0AAA1 /* haarcascade_mcs_eyepair_big.xml */ = {isa = PBXFileReference; fileEncoding = 4; lastKnownFileType = text.xml; path = haarcascade_mcs_eyepair_big.xml; sourceTree = "<group>"; };
		CE098F021FC1FCB000F0AAA1 /* haarcascade_mcs_mouth.xml */ = {isa = PBXFileReference; fileEncoding = 4; lastKnownFileType = text.xml; path = haarcascade_mcs_mouth.xml; sourceTree = "<group>"; };
		CE098F041FC1FCB000F0AAA1 /* glasses.png */ = {isa = PBXFileReference; lastKnownFileType = image.png; path = glasses.png; sourceTree = "<group>"; };
		CE098F051FC1FCB000F0AAA1 /* lbpcascade_frontalface.xml */ = {isa = PBXFileReference; fileEncoding = 4; lastKnownFileType = text.xml; path = lbpcascade_frontalface.xml; sourceTree = "<group>"; };
		CE098F0C1FC1FE7300F0AAA1 /* FaceAnimator.cpp */ = {isa = PBXFileReference; lastKnownFileType = sourcecode.cpp.cpp; path = FaceAnimator.cpp; sourceTree = "<group>"; };
		CE098F0D1FC1FE7300F0AAA1 /* FaceAnimator.hpp */ = {isa = PBXFileReference; lastKnownFileType = sourcecode.cpp.h; path = FaceAnimator.hpp; sourceTree = "<group>"; };
		CE098F0F1FC1FF3D00F0AAA1 /* test.cpp */ = {isa = PBXFileReference; lastKnownFileType = sourcecode.cpp.cpp; path = test.cpp; sourceTree = "<group>"; };
		CE098F101FC1FF3D00F0AAA1 /* test.hpp */ = {isa = PBXFileReference; lastKnownFileType = sourcecode.cpp.h; path = test.hpp; sourceTree = "<group>"; };
		CEEDBB5C1FC1D8000062DCAF /* opencv_ios.app */ = {isa = PBXFileReference; explicitFileType = wrapper.application; includeInIndex = 0; path = opencv_ios.app; sourceTree = BUILT_PRODUCTS_DIR; };
		CEEDBB5F1FC1D8000062DCAF /* AppDelegate.swift */ = {isa = PBXFileReference; lastKnownFileType = sourcecode.swift; path = AppDelegate.swift; sourceTree = "<group>"; };
		CEEDBB611FC1D8000062DCAF /* ViewController.swift */ = {isa = PBXFileReference; lastKnownFileType = sourcecode.swift; path = ViewController.swift; sourceTree = "<group>"; };
		CEEDBB641FC1D8000062DCAF /* Base */ = {isa = PBXFileReference; lastKnownFileType = file.storyboard; name = Base; path = Base.lproj/Main.storyboard; sourceTree = "<group>"; };
		CEEDBB661FC1D8000062DCAF /* Assets.xcassets */ = {isa = PBXFileReference; lastKnownFileType = folder.assetcatalog; path = Assets.xcassets; sourceTree = "<group>"; };
		CEEDBB691FC1D8000062DCAF /* Base */ = {isa = PBXFileReference; lastKnownFileType = file.storyboard; name = Base; path = Base.lproj/LaunchScreen.storyboard; sourceTree = "<group>"; };
		CEEDBB6B1FC1D8000062DCAF /* Info.plist */ = {isa = PBXFileReference; lastKnownFileType = text.plist.xml; path = Info.plist; sourceTree = "<group>"; };
/* End PBXFileReference section */

/* Begin PBXFrameworksBuildPhase section */
		CEEDBB591FC1D8000062DCAF /* Frameworks */ = {
			isa = PBXFrameworksBuildPhase;
			buildActionMask = 2147483647;
			files = (
				CE04AB131FC1F65C0049163F /* opencv2.framework in Frameworks */,
			);
			runOnlyForDeploymentPostprocessing = 0;
		};
/* End PBXFrameworksBuildPhase section */

/* Begin PBXGroup section */
		CE04AB041FC1EBD90049163F /* image */ = {
			isa = PBXGroup;
			children = (
				CE04AB051FC1EBEF0049163F /* lena.png */,
			);
			path = image;
			sourceTree = "<group>";
		};
		CE04AB0D1FC1F5380049163F /* 03_LinkingOpenCV */ = {
			isa = PBXGroup;
			children = (
				CE04AB0E1FC1F5640049163F /* LinkingOpenCvViewController.h */,
				CE04AB0F1FC1F5640049163F /* LinkingOpenCvViewController.mm */,
			);
			path = 03_LinkingOpenCV;
			sourceTree = "<group>";
		};
		CE04AB111FC1F62D0049163F /* Frameworks */ = {
			isa = PBXGroup;
			children = (
				CE04AB121FC1F65C0049163F /* opencv2.framework */,
			);
			path = Frameworks;
			sourceTree = "<group>";
		};
		CE04AB141FC1F9B80049163F /* 15_DetectingFacialFeatures */ = {
			isa = PBXGroup;
			children = (
			);
			path = 15_DetectingFacialFeatures;
			sourceTree = "<group>";
		};
		CE04AB161FC1FA7E0049163F /* 16_CvEffects */ = {
			isa = PBXGroup;
			children = (
				CE098EFE1FC1FC7900F0AAA1 /* FaceAnimator */,
				CE098EF61FC1FC2C00F0AAA1 /* Processing */,
				CE04AB181FC1FAE60049163F /* RetroFilter */,
			);
			path = 16_CvEffects;
			sourceTree = "<group>";
		};
		CE04AB181FC1FAE60049163F /* RetroFilter */ = {
			isa = PBXGroup;
			children = (
				CE098EF01FC1FB9F00F0AAA1 /* RetroFilter.hpp */,
				CE098EF21FC1FB9F00F0AAA1 /* RetroFilter.cpp */,
				CE098EEF1FC1FB9F00F0AAA1 /* fuzzy_border.png */,
				CE098EF11FC1FB9F00F0AAA1 /* scratches.png */,
			);
			path = RetroFilter;
			sourceTree = "<group>";
		};
		CE098EF61FC1FC2C00F0AAA1 /* Processing */ = {
			isa = PBXGroup;
			children = (
				CE098EF81FC1FC5B00F0AAA1 /* Processing_Accelerate.cpp */,
				CE098EFA1FC1FC5B00F0AAA1 /* Processing_NEON.cpp */,
				CE098EF71FC1FC5B00F0AAA1 /* Processing.cpp */,
				CE098EF91FC1FC5B00F0AAA1 /* Processing.hpp */,
			);
			path = Processing;
			sourceTree = "<group>";
		};
		CE098EFE1FC1FC7900F0AAA1 /* FaceAnimator */ = {
			isa = PBXGroup;
			children = (
				CE098F0D1FC1FE7300F0AAA1 /* FaceAnimator.hpp */,
				CE098F0C1FC1FE7300F0AAA1 /* FaceAnimator.cpp */,
				CE098F041FC1FCB000F0AAA1 /* glasses.png */,
				CE098F001FC1FCAF00F0AAA1 /* haarcascade_mcs_eyepair_big.xml */,
				CE098F021FC1FCB000F0AAA1 /* haarcascade_mcs_mouth.xml */,
				CE098F051FC1FCB000F0AAA1 /* lbpcascade_frontalface.xml */,
				CE098EFF1FC1FCAF00F0AAA1 /* mustache.png */,
			);
			path = FaceAnimator;
			sourceTree = "<group>";
		};
		CEEDBB531FC1D8000062DCAF = {
			isa = PBXGroup;
			children = (
				CEEDBB5E1FC1D8000062DCAF /* opencv_ios */,
				CEEDBB5D1FC1D8000062DCAF /* Products */,
			);
			sourceTree = "<group>";
		};
		CEEDBB5D1FC1D8000062DCAF /* Products */ = {
			isa = PBXGroup;
			children = (
				CEEDBB5C1FC1D8000062DCAF /* opencv_ios.app */,
			);
			name = Products;
			sourceTree = "<group>";
		};
		CEEDBB5E1FC1D8000062DCAF /* opencv_ios */ = {
			isa = PBXGroup;
			children = (
				CE04AB041FC1EBD90049163F /* image */,
				CEEDBB781FC1D8F60062DCAF /* 02_DisplayingImage */,
				CE04AB0D1FC1F5380049163F /* 03_LinkingOpenCV */,
				CE04AB141FC1F9B80049163F /* 15_DetectingFacialFeatures */,
				CE04AB161FC1FA7E0049163F /* 16_CvEffects */,
				CEEDBB5F1FC1D8000062DCAF /* AppDelegate.swift */,
				CEEDBB611FC1D8000062DCAF /* ViewController.swift */,
				CEEDBB631FC1D8000062DCAF /* Main.storyboard */,
				CEEDBB661FC1D8000062DCAF /* Assets.xcassets */,
				CEEDBB681FC1D8000062DCAF /* LaunchScreen.storyboard */,
				CEEDBB6B1FC1D8000062DCAF /* Info.plist */,
				CE04AB071FC1F2040049163F /* opencv_ios-Bridging-Header.h */,
				CE04AB111FC1F62D0049163F /* Frameworks */,
			);
			path = opencv_ios;
			sourceTree = "<group>";
		};
		CEEDBB781FC1D8F60062DCAF /* 02_DisplayingImage */ = {
			isa = PBXGroup;
			children = (
				CE04AB011FC1E87B0049163F /* DisplayingImageViewController.swift */,
				CE04AB081FC1F2050049163F /* DisplayingImageObcViewController.h */,
				CE04AB091FC1F2050049163F /* DisplayingImageObcViewController.m */,
				CE098F0F1FC1FF3D00F0AAA1 /* test.cpp */,
				CE098F101FC1FF3D00F0AAA1 /* test.hpp */,
			);
			path = 02_DisplayingImage;
			sourceTree = "<group>";
		};
/* End PBXGroup section */

/* Begin PBXNativeTarget section */
		CEEDBB5B1FC1D8000062DCAF /* opencv_ios */ = {
			isa = PBXNativeTarget;
			buildConfigurationList = CEEDBB6E1FC1D8000062DCAF /* Build configuration list for PBXNativeTarget "opencv_ios" */;
			buildPhases = (
				CEEDBB581FC1D8000062DCAF /* Sources */,
				CEEDBB591FC1D8000062DCAF /* Frameworks */,
				CEEDBB5A1FC1D8000062DCAF /* Resources */,
				CEEDBB771FC1D8770062DCAF /* Embed Frameworks */,
			);
			buildRules = (
			);
			dependencies = (
			);
			name = opencv_ios;
			productName = opencv_ios;
			productReference = CEEDBB5C1FC1D8000062DCAF /* opencv_ios.app */;
			productType = "com.apple.product-type.application";
		};
/* End PBXNativeTarget section */

/* Begin PBXProject section */
		CEEDBB541FC1D8000062DCAF /* Project object */ = {
			isa = PBXProject;
			attributes = {
				LastSwiftUpdateCheck = 0900;
				LastUpgradeCheck = 0900;
				ORGANIZATIONNAME = USER;
				TargetAttributes = {
					CEEDBB5B1FC1D8000062DCAF = {
						CreatedOnToolsVersion = 9.0;
						LastSwiftMigration = 0900;
						ProvisioningStyle = Automatic;
					};
				};
			};
			buildConfigurationList = CEEDBB571FC1D8000062DCAF /* Build configuration list for PBXProject "opencv_ios" */;
			compatibilityVersion = "Xcode 8.0";
			developmentRegion = en;
			hasScannedForEncodings = 0;
			knownRegions = (
				en,
				Base,
			);
			mainGroup = CEEDBB531FC1D8000062DCAF;
			productRefGroup = CEEDBB5D1FC1D8000062DCAF /* Products */;
			projectDirPath = "";
			projectRoot = "";
			targets = (
				CEEDBB5B1FC1D8000062DCAF /* opencv_ios */,
			);
		};
/* End PBXProject section */

/* Begin PBXResourcesBuildPhase section */
		CEEDBB5A1FC1D8000062DCAF /* Resources */ = {
			isa = PBXResourcesBuildPhase;
			buildActionMask = 2147483647;
			files = (
				CE098F0A1FC1FCB000F0AAA1 /* glasses.png in Resources */,
				CE098F061FC1FCB000F0AAA1 /* mustache.png in Resources */,
				CE098EF41FC1FB9F00F0AAA1 /* scratches.png in Resources */,
				CEEDBB6A1FC1D8000062DCAF /* LaunchScreen.storyboard in Resources */,
				CEEDBB671FC1D8000062DCAF /* Assets.xcassets in Resources */,
				CEEDBB651FC1D8000062DCAF /* Main.storyboard in Resources */,
				CE098EF31FC1FB9F00F0AAA1 /* fuzzy_border.png in Resources */,
				CE098F091FC1FCB000F0AAA1 /* haarcascade_mcs_mouth.xml in Resources */,
				CE04AB061FC1EBEF0049163F /* lena.png in Resources */,
				CE098F071FC1FCB000F0AAA1 /* haarcascade_mcs_eyepair_big.xml in Resources */,
				CE098F0B1FC1FCB000F0AAA1 /* lbpcascade_frontalface.xml in Resources */,
			);
			runOnlyForDeploymentPostprocessing = 0;
		};
/* End PBXResourcesBuildPhase section */

/* Begin PBXSourcesBuildPhase section */
		CEEDBB581FC1D8000062DCAF /* Sources */ = {
			isa = PBXSourcesBuildPhase;
			buildActionMask = 2147483647;
			files = (
				CE04AB021FC1E87B0049163F /* DisplayingImageViewController.swift in Sources */,
				CE04AB0A1FC1F2050049163F /* DisplayingImageObcViewController.m in Sources */,
				CE098EF51FC1FB9F00F0AAA1 /* RetroFilter.cpp in Sources */,
				CE098F0E1FC1FE7300F0AAA1 /* FaceAnimator.cpp in Sources */,
				CEEDBB621FC1D8000062DCAF /* ViewController.swift in Sources */,
				CE098F111FC1FF3D00F0AAA1 /* test.cpp in Sources */,
				CE098EFB1FC1FC5B00F0AAA1 /* Processing.cpp in Sources */,
				CE04AB101FC1F5640049163F /* LinkingOpenCvViewController.mm in Sources */,
				CEEDBB601FC1D8000062DCAF /* AppDelegate.swift in Sources */,
				CE098EFD1FC1FC5B00F0AAA1 /* Processing_NEON.cpp in Sources */,
				CE098EFC1FC1FC5B00F0AAA1 /* Processing_Accelerate.cpp in Sources */,
			);
			runOnlyForDeploymentPostprocessing = 0;
		};
/* End PBXSourcesBuildPhase section */

/* Begin PBXVariantGroup section */
		CEEDBB631FC1D8000062DCAF /* Main.storyboard */ = {
			isa = PBXVariantGroup;
			children = (
				CEEDBB641FC1D8000062DCAF /* Base */,
			);
			name = Main.storyboard;
			sourceTree = "<group>";
		};
		CEEDBB681FC1D8000062DCAF /* LaunchScreen.storyboard */ = {
			isa = PBXVariantGroup;
			children = (
				CEEDBB691FC1D8000062DCAF /* Base */,
			);
			name = LaunchScreen.storyboard;
			sourceTree = "<group>";
		};
/* End PBXVariantGroup section */

/* Begin XCBuildConfiguration section */
		CEEDBB6C1FC1D8000062DCAF /* Debug */ = {
			isa = XCBuildConfiguration;
			buildSettings = {
				ALWAYS_SEARCH_USER_PATHS = NO;
				CLANG_ANALYZER_NONNULL = YES;
				CLANG_ANALYZER_NUMBER_OBJECT_CONVERSION = YES_AGGRESSIVE;
				CLANG_CXX_LANGUAGE_STANDARD = "gnu++14";
				CLANG_CXX_LIBRARY = "libc++";
				CLANG_ENABLE_MODULES = YES;
				CLANG_ENABLE_OBJC_ARC = YES;
				CLANG_WARN_BLOCK_CAPTURE_AUTORELEASING = YES;
				CLANG_WARN_BOOL_CONVERSION = YES;
				CLANG_WARN_COMMA = YES;
				CLANG_WARN_CONSTANT_CONVERSION = YES;
				CLANG_WARN_DIRECT_OBJC_ISA_USAGE = YES_ERROR;
				CLANG_WARN_DOCUMENTATION_COMMENTS = YES;
				CLANG_WARN_EMPTY_BODY = YES;
				CLANG_WARN_ENUM_CONVERSION = YES;
				CLANG_WARN_INFINITE_RECURSION = YES;
				CLANG_WARN_INT_CONVERSION = YES;
				CLANG_WARN_NON_LITERAL_NULL_CONVERSION = YES;
				CLANG_WARN_OBJC_LITERAL_CONVERSION = YES;
				CLANG_WARN_OBJC_ROOT_CLASS = YES_ERROR;
				CLANG_WARN_RANGE_LOOP_ANALYSIS = YES;
				CLANG_WARN_STRICT_PROTOTYPES = YES;
				CLANG_WARN_SUSPICIOUS_MOVE = YES;
				CLANG_WARN_UNGUARDED_AVAILABILITY = YES_AGGRESSIVE;
				CLANG_WARN_UNREACHABLE_CODE = YES;
				CLANG_WARN__DUPLICATE_METHOD_MATCH = YES;
				CODE_SIGN_IDENTITY = "iPhone Developer";
				COPY_PHASE_STRIP = NO;
				DEBUG_INFORMATION_FORMAT = dwarf;
				ENABLE_STRICT_OBJC_MSGSEND = YES;
				ENABLE_TESTABILITY = YES;
				GCC_C_LANGUAGE_STANDARD = gnu11;
				GCC_DYNAMIC_NO_PIC = NO;
				GCC_NO_COMMON_BLOCKS = YES;
				GCC_OPTIMIZATION_LEVEL = 0;
				GCC_PREPROCESSOR_DEFINITIONS = (
					"DEBUG=1",
					"$(inherited)",
				);
				GCC_WARN_64_TO_32_BIT_CONVERSION = YES;
				GCC_WARN_ABOUT_RETURN_TYPE = YES_ERROR;
				GCC_WARN_UNDECLARED_SELECTOR = YES;
				GCC_WARN_UNINITIALIZED_AUTOS = YES_AGGRESSIVE;
				GCC_WARN_UNUSED_FUNCTION = YES;
				GCC_WARN_UNUSED_VARIABLE = YES;
				IPHONEOS_DEPLOYMENT_TARGET = 11.0;
				MTL_ENABLE_DEBUG_INFO = YES;
				ONLY_ACTIVE_ARCH = YES;
				SDKROOT = iphoneos;
				SWIFT_ACTIVE_COMPILATION_CONDITIONS = DEBUG;
				SWIFT_OPTIMIZATION_LEVEL = "-Onone";
			};
			name = Debug;
		};
		CEEDBB6D1FC1D8000062DCAF /* Release */ = {
			isa = XCBuildConfiguration;
			buildSettings = {
				ALWAYS_SEARCH_USER_PATHS = NO;
				CLANG_ANALYZER_NONNULL = YES;
				CLANG_ANALYZER_NUMBER_OBJECT_CONVERSION = YES_AGGRESSIVE;
				CLANG_CXX_LANGUAGE_STANDARD = "gnu++14";
				CLANG_CXX_LIBRARY = "libc++";
				CLANG_ENABLE_MODULES = YES;
				CLANG_ENABLE_OBJC_ARC = YES;
				CLANG_WARN_BLOCK_CAPTURE_AUTORELEASING = YES;
				CLANG_WARN_BOOL_CONVERSION = YES;
				CLANG_WARN_COMMA = YES;
				CLANG_WARN_CONSTANT_CONVERSION = YES;
				CLANG_WARN_DIRECT_OBJC_ISA_USAGE = YES_ERROR;
				CLANG_WARN_DOCUMENTATION_COMMENTS = YES;
				CLANG_WARN_EMPTY_BODY = YES;
				CLANG_WARN_ENUM_CONVERSION = YES;
				CLANG_WARN_INFINITE_RECURSION = YES;
				CLANG_WARN_INT_CONVERSION = YES;
				CLANG_WARN_NON_LITERAL_NULL_CONVERSION = YES;
				CLANG_WARN_OBJC_LITERAL_CONVERSION = YES;
				CLANG_WARN_OBJC_ROOT_CLASS = YES_ERROR;
				CLANG_WARN_RANGE_LOOP_ANALYSIS = YES;
				CLANG_WARN_STRICT_PROTOTYPES = YES;
				CLANG_WARN_SUSPICIOUS_MOVE = YES;
				CLANG_WARN_UNGUARDED_AVAILABILITY = YES_AGGRESSIVE;
				CLANG_WARN_UNREACHABLE_CODE = YES;
				CLANG_WARN__DUPLICATE_METHOD_MATCH = YES;
				CODE_SIGN_IDENTITY = "iPhone Developer";
				COPY_PHASE_STRIP = NO;
				DEBUG_INFORMATION_FORMAT = "dwarf-with-dsym";
				ENABLE_NS_ASSERTIONS = NO;
				ENABLE_STRICT_OBJC_MSGSEND = YES;
				GCC_C_LANGUAGE_STANDARD = gnu11;
				GCC_NO_COMMON_BLOCKS = YES;
				GCC_WARN_64_TO_32_BIT_CONVERSION = YES;
				GCC_WARN_ABOUT_RETURN_TYPE = YES_ERROR;
				GCC_WARN_UNDECLARED_SELECTOR = YES;
				GCC_WARN_UNINITIALIZED_AUTOS = YES_AGGRESSIVE;
				GCC_WARN_UNUSED_FUNCTION = YES;
				GCC_WARN_UNUSED_VARIABLE = YES;
				IPHONEOS_DEPLOYMENT_TARGET = 11.0;
				MTL_ENABLE_DEBUG_INFO = NO;
				SDKROOT = iphoneos;
				SWIFT_OPTIMIZATION_LEVEL = "-Owholemodule";
				VALIDATE_PRODUCT = YES;
			};
			name = Release;
		};
		CEEDBB6F1FC1D8000062DCAF /* Debug */ = {
			isa = XCBuildConfiguration;
			buildSettings = {
				ASSETCATALOG_COMPILER_APPICON_NAME = AppIcon;
				CLANG_ENABLE_MODULES = YES;
				CODE_SIGN_STYLE = Automatic;
				DEVELOPMENT_TEAM = M8N9858LE8;
				FRAMEWORK_SEARCH_PATHS = (
					"$(inherited)",
					"$(PROJECT_DIR)/opencv_ios/Frameworks",
				);
				INFOPLIST_FILE = opencv_ios/Info.plist;
				LD_RUNPATH_SEARCH_PATHS = "$(inherited) @executable_path/Frameworks";
				PRODUCT_BUNDLE_IDENTIFIER = "com.miyamoto.opencv-ios";
				PRODUCT_NAME = "$(TARGET_NAME)";
				SWIFT_OBJC_BRIDGING_HEADER = "opencv_ios/opencv_ios-Bridging-Header.h";
				SWIFT_OPTIMIZATION_LEVEL = "-Onone";
				SWIFT_VERSION = 3.0;
				TARGETED_DEVICE_FAMILY = "1,2";
			};
			name = Debug;
		};
		CEEDBB701FC1D8000062DCAF /* Release */ = {
			isa = XCBuildConfiguration;
			buildSettings = {
				ASSETCATALOG_COMPILER_APPICON_NAME = AppIcon;
				CLANG_ENABLE_MODULES = YES;
				CODE_SIGN_STYLE = Automatic;
				DEVELOPMENT_TEAM = M8N9858LE8;
				FRAMEWORK_SEARCH_PATHS = (
					"$(inherited)",
					"$(PROJECT_DIR)/opencv_ios/Frameworks",
				);
				INFOPLIST_FILE = opencv_ios/Info.plist;
				LD_RUNPATH_SEARCH_PATHS = "$(inherited) @executable_path/Frameworks";
				PRODUCT_BUNDLE_IDENTIFIER = "com.miyamoto.opencv-ios";
				PRODUCT_NAME = "$(TARGET_NAME)";
				SWIFT_OBJC_BRIDGING_HEADER = "opencv_ios/opencv_ios-Bridging-Header.h";
				SWIFT_VERSION = 3.0;
				TARGETED_DEVICE_FAMILY = "1,2";
			};
			name = Release;
		};
/* End XCBuildConfiguration section */

/* Begin XCConfigurationList section */
		CEEDBB571FC1D8000062DCAF /* Build configuration list for PBXProject "opencv_ios" */ = {
			isa = XCConfigurationList;
			buildConfigurations = (
				CEEDBB6C1FC1D8000062DCAF /* Debug */,
				CEEDBB6D1FC1D8000062DCAF /* Release */,
			);
			defaultConfigurationIsVisible = 0;
			defaultConfigurationName = Release;
		};
		CEEDBB6E1FC1D8000062DCAF /* Build configuration list for PBXNativeTarget "opencv_ios" */ = {
			isa = XCConfigurationList;
			buildConfigurations = (
				CEEDBB6F1FC1D8000062DCAF /* Debug */,
				CEEDBB701FC1D8000062DCAF /* Release */,
			);
			defaultConfigurationIsVisible = 0;
			defaultConfigurationName = Release;
		};
/* End XCConfigurationList section */
	};
	rootObject = CEEDBB541FC1D8000062DCAF /* Project object */;
}
